
Microsoft Visual Studio Solution File, Format Version 12.00
# Visual Studio 15
VisualStudioVersion = 15.0.28307.645
MinimumVisualStudioVersion = 10.0.40219.1
Project("{FAE04EC0-301F-11D3-BF4B-00C04F79EFBC}") = "CWMBackOffice", "CWMBackOffice\CWMBackOffice.csproj", "{8FBAF7A2-A174-432D-973F-C8D8ED7E45BB}"
EndProject
Project("{E24C65DC-7377-472B-9ABA-BC803B73C61A}") = "CWMFrontOffice", "CWMFrontOffice\", "{354DEA95-3508-4C69-9ADE-31B369514194}"
	ProjectSection(WebsiteProperties) = preProject
		TargetFrameworkMoniker = ".NETFramework,Version%3Dv4.6.1"
		ProjectReferences = "{0db58cce-7379-4f90-b328-1b9c77f01df2}|CWMClasses.dll;"
		Debug.AspNetCompiler.VirtualPath = "/localhost_51626"
		Debug.AspNetCompiler.PhysicalPath = "CWMFrontOffice\"
		Debug.AspNetCompiler.TargetPath = "PrecompiledWeb\localhost_51626\"
		Debug.AspNetCompiler.Updateable = "true"
		Debug.AspNetCompiler.ForceOverwrite = "true"
		Debug.AspNetCompiler.FixedNames = "false"
		Debug.AspNetCompiler.Debug = "True"
		Release.AspNetCompiler.VirtualPath = "/localhost_51626"
		Release.AspNetCompiler.PhysicalPath = "CWMFrontOffice\"
		Release.AspNetCompiler.TargetPath = "PrecompiledWeb\localhost_51626\"
		Release.AspNetCompiler.Updateable = "true"
		Release.AspNetCompiler.ForceOverwrite = "true"
		Release.AspNetCompiler.FixedNames = "false"
		Release.AspNetCompiler.Debug = "False"
		VWDPort = "51626"
		SlnRelativePath = "CWMFrontOffice\"
		DefaultWebSiteLanguage = "Visual C#"
	EndProjectSection
EndProject
Project("{FAE04EC0-301F-11D3-BF4B-00C04F79EFBC}") = "CWMClasses", "CWMClasses\CWMClasses.csproj", "{0DB58CCE-7379-4F90-B328-1B9C77F01DF2}"
EndProject
Project("{FAE04EC0-301F-11D3-BF4B-00C04F79EFBC}") = "CWMTesting", "CWMTesting\CWMTesting.csproj", "{9DBAB74F-9827-426F-84F8-6E27DD847C5C}"
EndProject
Global
	GlobalSection(SolutionConfigurationPlatforms) = preSolution
		Debug|Any CPU = Debug|Any CPU
		Release|Any CPU = Release|Any CPU
	EndGlobalSection
	GlobalSection(ProjectConfigurationPlatforms) = postSolution
		{8FBAF7A2-A174-432D-973F-C8D8ED7E45BB}.Debug|Any CPU.ActiveCfg = Debug|Any CPU
		{8FBAF7A2-A174-432D-973F-C8D8ED7E45BB}.Debug|Any CPU.Build.0 = Debug|Any CPU
		{8FBAF7A2-A174-432D-973F-C8D8ED7E45BB}.Release|Any CPU.ActiveCfg = Release|Any CPU
		{8FBAF7A2-A174-432D-973F-C8D8ED7E45BB}.Release|Any CPU.Build.0 = Release|Any CPU
		{354DEA95-3508-4C69-9ADE-31B369514194}.Debug|Any CPU.ActiveCfg = Debug|Any CPU
		{354DEA95-3508-4C69-9ADE-31B369514194}.Debug|Any CPU.Build.0 = Debug|Any CPU
		{354DEA95-3508-4C69-9ADE-31B369514194}.Release|Any CPU.ActiveCfg = Debug|Any CPU
		{354DEA95-3508-4C69-9ADE-31B369514194}.Release|Any CPU.Build.0 = Debug|Any CPU
		{0DB58CCE-7379-4F90-B328-1B9C77F01DF2}.Debug|Any CPU.ActiveCfg = Debug|Any CPU
		{0DB58CCE-7379-4F90-B328-1B9C77F01DF2}.Debug|Any CPU.Build.0 = Debug|Any CPU
		{0DB58CCE-7379-4F90-B328-1B9C77F01DF2}.Release|Any CPU.ActiveCfg = Release|Any CPU
		{0DB58CCE-7379-4F90-B328-1B9C77F01DF2}.Release|Any CPU.Build.0 = Release|Any CPU
		{9DBAB74F-9827-426F-84F8-6E27DD847C5C}.Debug|Any CPU.ActiveCfg = Debug|Any CPU
		{9DBAB74F-9827-426F-84F8-6E27DD847C5C}.Debug|Any CPU.Build.0 = Debug|Any CPU
		{9DBAB74F-9827-426F-84F8-6E27DD847C5C}.Release|Any CPU.ActiveCfg = Release|Any CPU
		{9DBAB74F-9827-426F-84F8-6E27DD847C5C}.Release|Any CPU.Build.0 = Release|Any CPU
	EndGlobalSection
	GlobalSection(SolutionProperties) = preSolution
		HideSolutionNode = FALSE
	EndGlobalSection
	GlobalSection(ExtensibilityGlobals) = postSolution
		SolutionGuid = {6288A266-FA30-4FDE-A8A9-0124169DD14E}
	EndGlobalSection
EndGlobal
